// !$*UTF8*$!
{
	archiveVersion = 1;
	classes = {
	};
	objectVersion = 56;
	objects = {

/* Begin PBXBuildFile section */
		9C1F3FD52B1A436300A76D4A /* BMICalculator.m in Sources */ = {isa = PBXBuildFile; fileRef = 9C1F3FD42B1A436300A76D4A /* BMICalculator.m */; };
		9C1F3FDA2B1A454100A76D4A /* main.c in Sources */ = {isa = PBXBuildFile; fileRef = 9C1F3FD62B1A454100A76D4A /* main.c */; };
		9C1F3FDB2B1A454100A76D4A /* ph7.c in Sources */ = {isa = PBXBuildFile; fileRef = 9C1F3FD92B1A454100A76D4A /* ph7.c */; };
		9C9C9D222B1A35190058DC84 /* PHP_Body_CheckApp.swift in Sources */ = {isa = PBXBuildFile; fileRef = 9C9C9D212B1A35190058DC84 /* PHP_Body_CheckApp.swift */; };
		9C9C9D242B1A35190058DC84 /* ContentView.swift in Sources */ = {isa = PBXBuildFile; fileRef = 9C9C9D232B1A35190058DC84 /* ContentView.swift */; };
		9C9C9D282B1A351A0058DC84 /* Assets.xcassets in Resources */ = {isa = PBXBuildFile; fileRef = 9C9C9D272B1A351A0058DC84 /* Assets.xcassets */; };
		9C9C9D2B2B1A351A0058DC84 /* Preview Assets.xcassets in Resources */ = {isa = PBXBuildFile; fileRef = 9C9C9D2A2B1A351A0058DC84 /* Preview Assets.xcassets */; };
/* End PBXBuildFile section */

/* Begin PBXFileReference section */
		9C1F3FD22B1A436300A76D4A /* PHP-Body-Check-Bridging-Header.h */ = {isa = PBXFileReference; lastKnownFileType = sourcecode.c.h; path = "PHP-Body-Check-Bridging-Header.h"; sourceTree = "<group>"; };
		9C1F3FD32B1A436300A76D4A /* BMICalculator.h */ = {isa = PBXFileReference; lastKnownFileType = sourcecode.c.h; path = BMICalculator.h; sourceTree = "<group>"; };
		9C1F3FD42B1A436300A76D4A /* BMICalculator.m */ = {isa = PBXFileReference; lastKnownFileType = sourcecode.c.objc; path = BMICalculator.m; sourceTree = "<group>"; };
		9C1F3FD62B1A454100A76D4A /* main.c */ = {isa = PBXFileReference; fileEncoding = 4; lastKnownFileType = sourcecode.c.c; path = main.c; sourceTree = "<group>"; };
		9C1F3FD72B1A454100A76D4A /* ph7.h */ = {isa = PBXFileReference; fileEncoding = 4; lastKnownFileType = sourcecode.c.h; path = ph7.h; sourceTree = "<group>"; };
		9C1F3FD82B1A454100A76D4A /* main.h */ = {isa = PBXFileReference; fileEncoding = 4; lastKnownFileType = sourcecode.c.h; path = main.h; sourceTree = "<group>"; };
		9C1F3FD92B1A454100A76D4A /* ph7.c */ = {isa = PBXFileReference; fileEncoding = 4; lastKnownFileType = sourcecode.c.c; path = ph7.c; sourceTree = "<group>"; };
		9C9C9D1E2B1A35190058DC84 /* PHP-Body-Check.app */ = {isa = PBXFileReference; explicitFileType = wrapper.application; includeInIndex = 0; path = "PHP-Body-Check.app"; sourceTree = BUILT_PRODUCTS_DIR; };
		9C9C9D212B1A35190058DC84 /* PHP_Body_CheckApp.swift */ = {isa = PBXFileReference; lastKnownFileType = sourcecode.swift; path = PHP_Body_CheckApp.swift; sourceTree = "<group>"; };
		9C9C9D232B1A35190058DC84 /* ContentView.swift */ = {isa = PBXFileReference; lastKnownFileType = sourcecode.swift; path = ContentView.swift; sourceTree = "<group>"; };
		9C9C9D272B1A351A0058DC84 /* Assets.xcassets */ = {isa = PBXFileReference; lastKnownFileType = folder.assetcatalog; path = Assets.xcassets; sourceTree = "<group>"; };
		9C9C9D2A2B1A351A0058DC84 /* Preview Assets.xcassets */ = {isa = PBXFileReference; lastKnownFileType = folder.assetcatalog; path = "Preview Assets.xcassets"; sourceTree = "<group>"; };
/* End PBXFileReference section */

/* Begin PBXFrameworksBuildPhase section */
		9C9C9D1B2B1A35190058DC84 /* Frameworks */ = {
			isa = PBXFrameworksBuildPhase;
			buildActionMask = 2147483647;
			files = (
			);
			runOnlyForDeploymentPostprocessing = 0;
		};
/* End PBXFrameworksBuildPhase section */

/* Begin PBXGroup section */
		9C9C9D152B1A35190058DC84 = {
			isa = PBXGroup;
			children = (
				9C9C9D202B1A35190058DC84 /* PHP-Body-Check */,
				9C9C9D1F2B1A35190058DC84 /* Products */,
			);
			sourceTree = "<group>";
		};
		9C9C9D1F2B1A35190058DC84 /* Products */ = {
			isa = PBXGroup;
			children = (
				9C9C9D1E2B1A35190058DC84 /* PHP-Body-Check.app */,
			);
			name = Products;
			sourceTree = "<group>";
		};
		9C9C9D202B1A35190058DC84 /* PHP-Body-Check */ = {
			isa = PBXGroup;
			children = (
				9C1F3FD62B1A454100A76D4A /* main.c */,
				9C1F3FD82B1A454100A76D4A /* main.h */,
				9C1F3FD92B1A454100A76D4A /* ph7.c */,
				9C1F3FD72B1A454100A76D4A /* ph7.h */,
				9C9C9D212B1A35190058DC84 /* PHP_Body_CheckApp.swift */,
				9C9C9D232B1A35190058DC84 /* ContentView.swift */,
				9C1F3FD32B1A436300A76D4A /* BMICalculator.h */,
				9C1F3FD42B1A436300A76D4A /* BMICalculator.m */,
				9C9C9D272B1A351A0058DC84 /* Assets.xcassets */,
				9C9C9D292B1A351A0058DC84 /* Preview Content */,
				9C1F3FD22B1A436300A76D4A /* PHP-Body-Check-Bridging-Header.h */,
			);
			path = "PHP-Body-Check";
			sourceTree = "<group>";
		};
		9C9C9D292B1A351A0058DC84 /* Preview Content */ = {
			isa = PBXGroup;
			children = (
				9C9C9D2A2B1A351A0058DC84 /* Preview Assets.xcassets */,
			);
			path = "Preview Content";
			sourceTree = "<group>";
		};
/* End PBXGroup section */

/* Begin PBXNativeTarget section */
		9C9C9D1D2B1A35190058DC84 /* PHP-Body-Check */ = {
			isa = PBXNativeTarget;
			buildConfigurationList = 9C9C9D2E2B1A351A0058DC84 /* Build configuration list for PBXNativeTarget "PHP-Body-Check" */;
			buildPhases = (
				9C9C9D1A2B1A35190058DC84 /* Sources */,
				9C9C9D1B2B1A35190058DC84 /* Frameworks */,
				9C9C9D1C2B1A35190058DC84 /* Resources */,
			);
			buildRules = (
			);
			dependencies = (
			);
			name = "PHP-Body-Check";
			productName = "PHP-Body-Check";
			productReference = 9C9C9D1E2B1A35190058DC84 /* PHP-Body-Check.app */;
			productType = "com.apple.product-type.application";
		};
/* End PBXNativeTarget section */

/* Begin PBXProject section */
		9C9C9D162B1A35190058DC84 /* Project object */ = {
			isa = PBXProject;
			attributes = {
				BuildIndependentTargetsInParallel = 1;
				LastSwiftUpdateCheck = 1500;
				LastUpgradeCheck = 1500;
				TargetAttributes = {
					9C9C9D1D2B1A35190058DC84 = {
						CreatedOnToolsVersion = 15.0.1;
						LastSwiftMigration = 1500;
					};
				};
			};
			buildConfigurationList = 9C9C9D192B1A35190058DC84 /* Build configuration list for PBXProject "PHP-Body-Check" */;
			compatibilityVersion = "Xcode 14.0";
			developmentRegion = en;
			hasScannedForEncodings = 0;
			knownRegions = (
				en,
				Base,
			);
			mainGroup = 9C9C9D152B1A35190058DC84;
			productRefGroup = 9C9C9D1F2B1A35190058DC84 /* Products */;
			projectDirPath = "";
			projectRoot = "";
			targets = (
				9C9C9D1D2B1A35190058DC84 /* PHP-Body-Check */,
			);
		};
/* End PBXProject section */

/* Begin PBXResourcesBuildPhase section */
		9C9C9D1C2B1A35190058DC84 /* Resources */ = {
			isa = PBXResourcesBuildPhase;
			buildActionMask = 2147483647;
			files = (
				9C9C9D2B2B1A351A0058DC84 /* Preview Assets.xcassets in Resources */,
				9C9C9D282B1A351A0058DC84 /* Assets.xcassets in Resources */,
			);
			runOnlyForDeploymentPostprocessing = 0;
		};
/* End PBXResourcesBuildPhase section */

/* Begin PBXSourcesBuildPhase section */
		9C9C9D1A2B1A35190058DC84 /* Sources */ = {
			isa = PBXSourcesBuildPhase;
			buildActionMask = 2147483647;
			files = (
				9C1F3FDB2B1A454100A76D4A /* ph7.c in Sources */,
				9C1F3FDA2B1A454100A76D4A /* main.c in Sources */,
				9C1F3FD52B1A436300A76D4A /* BMICalculator.m in Sources */,
				9C9C9D242B1A35190058DC84 /* ContentView.swift in Sources */,
				9C9C9D222B1A35190058DC84 /* PHP_Body_CheckApp.swift in Sources */,
			);
			runOnlyForDeploymentPostprocessing = 0;
		};
/* End PBXSourcesBuildPhase section */

/* Begin XCBuildConfiguration section */
		9C9C9D2C2B1A351A0058DC84 /* Debug */ = {
			isa = XCBuildConfiguration;
			buildSettings = {
				ALWAYS_SEARCH_USER_PATHS = NO;
				ASSETCATALOG_COMPILER_GENERATE_SWIFT_ASSET_SYMBOL_EXTENSIONS = YES;
				CLANG_ANALYZER_NONNULL = YES;
				CLANG_ANALYZER_NUMBER_OBJECT_CONVERSION = YES_AGGRESSIVE;
				CLANG_CXX_LANGUAGE_STANDARD = "gnu++20";
				CLANG_ENABLE_MODULES = YES;
				CLANG_ENABLE_OBJC_ARC = YES;
				CLANG_ENABLE_OBJC_WEAK = YES;
				CLANG_WARN_BLOCK_CAPTURE_AUTORELEASING = YES;
				CLANG_WARN_BOOL_CONVERSION = YES;
				CLANG_WARN_COMMA = YES;
				CLANG_WARN_CONSTANT_CONVERSION = YES;
				CLANG_WARN_DEPRECATED_OBJC_IMPLEMENTATIONS = YES;
				CLANG_WARN_DIRECT_OBJC_ISA_USAGE = YES_ERROR;
				CLANG_WARN_DOCUMENTATION_COMMENTS = YES;
				CLANG_WARN_EMPTY_BODY = YES;
				CLANG_WARN_ENUM_CONVERSION = YES;
				CLANG_WARN_INFINITE_RECURSION = YES;
				CLANG_WARN_INT_CONVERSION = YES;
				CLANG_WARN_NON_LITERAL_NULL_CONVERSION = YES;
				CLANG_WARN_OBJC_IMPLICIT_RETAIN_SELF = YES;
				CLANG_WARN_OBJC_LITERAL_CONVERSION = YES;
				CLANG_WARN_OBJC_ROOT_CLASS = YES_ERROR;
				CLANG_WARN_QUOTED_INCLUDE_IN_FRAMEWORK_HEADER = YES;
				CLANG_WARN_RANGE_LOOP_ANALYSIS = YES;
				CLANG_WARN_STRICT_PROTOTYPES = YES;
				CLANG_WARN_SUSPICIOUS_MOVE = YES;
				CLANG_WARN_UNGUARDED_AVAILABILITY = YES_AGGRESSIVE;
				CLANG_WARN_UNREACHABLE_CODE = YES;
				CLANG_WARN__DUPLICATE_METHOD_MATCH = YES;
				COPY_PHASE_STRIP = NO;
				DEBUG_INFORMATION_FORMAT = dwarf;
				ENABLE_STRICT_OBJC_MSGSEND = YES;
				ENABLE_TESTABILITY = YES;
				ENABLE_USER_SCRIPT_SANDBOXING = YES;
				GCC_C_LANGUAGE_STANDARD = gnu17;
				GCC_DYNAMIC_NO_PIC = NO;
				GCC_NO_COMMON_BLOCKS = YES;
				GCC_OPTIMIZATION_LEVEL = 0;
				GCC_PREPROCESSOR_DEFINITIONS = (
					"DEBUG=1",
					"$(inherited)",
				);
				GCC_WARN_64_TO_32_BIT_CONVERSION = YES;
				GCC_WARN_ABOUT_RETURN_TYPE = YES_ERROR;
				GCC_WARN_UNDECLARED_SELECTOR = YES;
				GCC_WARN_UNINITIALIZED_AUTOS = YES_AGGRESSIVE;
				GCC_WARN_UNUSED_FUNCTION = YES;
				GCC_WARN_UNUSED_VARIABLE = YES;
				IPHONEOS_DEPLOYMENT_TARGET = 17.0;
				LOCALIZATION_PREFERS_STRING_CATALOGS = YES;
				MTL_ENABLE_DEBUG_INFO = INCLUDE_SOURCE;
				MTL_FAST_MATH = YES;
				ONLY_ACTIVE_ARCH = YES;
				SDKROOT = iphoneos;
				SWIFT_ACTIVE_COMPILATION_CONDITIONS = "DEBUG $(inherited)";
				SWIFT_OPTIMIZATION_LEVEL = "-Onone";
			};
			name = Debug;
		};
		9C9C9D2D2B1A351A0058DC84 /* Release */ = {
			isa = XCBuildConfiguration;
			buildSettings = {
				ALWAYS_SEARCH_USER_PATHS = NO;
				ASSETCATALOG_COMPILER_GENERATE_SWIFT_ASSET_SYMBOL_EXTENSIONS = YES;
				CLANG_ANALYZER_NONNULL = YES;
				CLANG_ANALYZER_NUMBER_OBJECT_CONVERSION = YES_AGGRESSIVE;
				CLANG_CXX_LANGUAGE_STANDARD = "gnu++20";
				CLANG_ENABLE_MODULES = YES;
				CLANG_ENABLE_OBJC_ARC = YES;
				CLANG_ENABLE_OBJC_WEAK = YES;
				CLANG_WARN_BLOCK_CAPTURE_AUTORELEASING = YES;
				CLANG_WARN_BOOL_CONVERSION = YES;
				CLANG_WARN_COMMA = YES;
				CLANG_WARN_CONSTANT_CONVERSION = YES;
				CLANG_WARN_DEPRECATED_OBJC_IMPLEMENTATIONS = YES;
				CLANG_WARN_DIRECT_OBJC_ISA_USAGE = YES_ERROR;
				CLANG_WARN_DOCUMENTATION_COMMENTS = YES;
				CLANG_WARN_EMPTY_BODY = YES;
				CLANG_WARN_ENUM_CONVERSION = YES;
				CLANG_WARN_INFINITE_RECURSION = YES;
				CLANG_WARN_INT_CONVERSION = YES;
				CLANG_WARN_NON_LITERAL_NULL_CONVERSION = YES;
				CLANG_WARN_OBJC_IMPLICIT_RETAIN_SELF = YES;
				CLANG_WARN_OBJC_LITERAL_CONVERSION = YES;
				CLANG_WARN_OBJC_ROOT_CLASS = YES_ERROR;
				CLANG_WARN_QUOTED_INCLUDE_IN_FRAMEWORK_HEADER = YES;
				CLANG_WARN_RANGE_LOOP_ANALYSIS = YES;
				CLANG_WARN_STRICT_PROTOTYPES = YES;
				CLANG_WARN_SUSPICIOUS_MOVE = YES;
				CLANG_WARN_UNGUARDED_AVAILABILITY = YES_AGGRESSIVE;
				CLANG_WARN_UNREACHABLE_CODE = YES;
				CLANG_WARN__DUPLICATE_METHOD_MATCH = YES;
				COPY_PHASE_STRIP = NO;
				DEBUG_INFORMATION_FORMAT = "dwarf-with-dsym";
				ENABLE_NS_ASSERTIONS = NO;
				ENABLE_STRICT_OBJC_MSGSEND = YES;
				ENABLE_USER_SCRIPT_SANDBOXING = YES;
				GCC_C_LANGUAGE_STANDARD = gnu17;
				GCC_NO_COMMON_BLOCKS = YES;
				GCC_WARN_64_TO_32_BIT_CONVERSION = YES;
				GCC_WARN_ABOUT_RETURN_TYPE = YES_ERROR;
				GCC_WARN_UNDECLARED_SELECTOR = YES;
				GCC_WARN_UNINITIALIZED_AUTOS = YES_AGGRESSIVE;
				GCC_WARN_UNUSED_FUNCTION = YES;
				GCC_WARN_UNUSED_VARIABLE = YES;
				IPHONEOS_DEPLOYMENT_TARGET = 17.0;
				LOCALIZATION_PREFERS_STRING_CATALOGS = YES;
				MTL_ENABLE_DEBUG_INFO = NO;
				MTL_FAST_MATH = YES;
				SDKROOT = iphoneos;
				SWIFT_COMPILATION_MODE = wholemodule;
				VALIDATE_PRODUCT = YES;
			};
			name = Release;
		};
		9C9C9D2F2B1A351A0058DC84 /* Debug */ = {
			isa = XCBuildConfiguration;
			buildSettings = {
				ASSETCATALOG_COMPILER_APPICON_NAME = AppIcon;
				ASSETCATALOG_COMPILER_GLOBAL_ACCENT_COLOR_NAME = AccentColor;
				CLANG_ENABLE_MODULES = YES;
				CODE_SIGN_STYLE = Automatic;
				CURRENT_PROJECT_VERSION = 1;
				DEVELOPMENT_ASSET_PATHS = "\"PHP-Body-Check/Preview Content\"";
				DEVELOPMENT_TEAM = 55833JK329;
				ENABLE_PREVIEWS = YES;
				GENERATE_INFOPLIST_FILE = YES;
				INFOPLIST_KEY_UIApplicationSceneManifest_Generation = YES;
				INFOPLIST_KEY_UIApplicationSupportsIndirectInputEvents = YES;
				INFOPLIST_KEY_UILaunchScreen_Generation = YES;
				INFOPLIST_KEY_UISupportedInterfaceOrientations_iPad = "UIInterfaceOrientationPortrait UIInterfaceOrientationPortraitUpsideDown UIInterfaceOrientationLandscapeLeft UIInterfaceOrientationLandscapeRight";
				INFOPLIST_KEY_UISupportedInterfaceOrientations_iPhone = "UIInterfaceOrientationPortrait UIInterfaceOrientationLandscapeLeft UIInterfaceOrientationLandscapeRight";
				LD_RUNPATH_SEARCH_PATHS = (
					"$(inherited)",
					"@executable_path/Frameworks",
				);
				MARKETING_VERSION = 1.0;
				PRODUCT_BUNDLE_IDENTIFIER = "com.demensdeum.PHP-Body-Check";
				PRODUCT_NAME = "$(TARGET_NAME)";
				SWIFT_EMIT_LOC_STRINGS = YES;
				SWIFT_OBJC_BRIDGING_HEADER = "PHP-Body-Check/PHP-Body-Check-Bridging-Header.h";
				SWIFT_OPTIMIZATION_LEVEL = "-Onone";
				SWIFT_VERSION = 5.0;
				TARGETED_DEVICE_FAMILY = "1,2";
			};
			name = Debug;
		};
		9C9C9D302B1A351A0058DC84 /* Release */ = {
			isa = XCBuildConfiguration;
			buildSettings = {
				ASSETCATALOG_COMPILER_APPICON_NAME = AppIcon;
				ASSETCATALOG_COMPILER_GLOBAL_ACCENT_COLOR_NAME = AccentColor;
				CLANG_ENABLE_MODULES = YES;
				CODE_SIGN_STYLE = Automatic;
				CURRENT_PROJECT_VERSION = 1;
				DEVELOPMENT_ASSET_PATHS = "\"PHP-Body-Check/Preview Content\"";
				DEVELOPMENT_TEAM = 55833JK329;
				ENABLE_PREVIEWS = YES;
				GENERATE_INFOPLIST_FILE = YES;
				INFOPLIST_KEY_UIApplicationSceneManifest_Generation = YES;
				INFOPLIST_KEY_UIApplicationSupportsIndirectInputEvents = YES;
				INFOPLIST_KEY_UILaunchScreen_Generation = YES;
				INFOPLIST_KEY_UISupportedInterfaceOrientations_iPad = "UIInterfaceOrientationPortrait UIInterfaceOrientationPortraitUpsideDown UIInterfaceOrientationLandscapeLeft UIInterfaceOrientationLandscapeRight";
				INFOPLIST_KEY_UISupportedInterfaceOrientations_iPhone = "UIInterfaceOrientationPortrait UIInterfaceOrientationLandscapeLeft UIInterfaceOrientationLandscapeRight";
				LD_RUNPATH_SEARCH_PATHS = (
					"$(inherited)",
					"@executable_path/Frameworks",
				);
				MARKETING_VERSION = 1.0;
				PRODUCT_BUNDLE_IDENTIFIER = "com.demensdeum.PHP-Body-Check";
				PRODUCT_NAME = "$(TARGET_NAME)";
				SWIFT_EMIT_LOC_STRINGS = YES;
				SWIFT_OBJC_BRIDGING_HEADER = "PHP-Body-Check/PHP-Body-Check-Bridging-Header.h";
				SWIFT_VERSION = 5.0;
				TARGETED_DEVICE_FAMILY = "1,2";
			};
			name = Release;
		};
/* End XCBuildConfiguration section */

/* Begin XCConfigurationList section */
		9C9C9D192B1A35190058DC84 /* Build configuration list for PBXProject "PHP-Body-Check" */ = {
			isa = XCConfigurationList;
			buildConfigurations = (
				9C9C9D2C2B1A351A0058DC84 /* Debug */,
				9C9C9D2D2B1A351A0058DC84 /* Release */,
			);
			defaultConfigurationIsVisible = 0;
			defaultConfigurationName = Release;
		};
		9C9C9D2E2B1A351A0058DC84 /* Build configuration list for PBXNativeTarget "PHP-Body-Check" */ = {
			isa = XCConfigurationList;
			buildConfigurations = (
				9C9C9D2F2B1A351A0058DC84 /* Debug */,
				9C9C9D302B1A351A0058DC84 /* Release */,
			);
			defaultConfigurationIsVisible = 0;
			defaultConfigurationName = Release;
		};
/* End XCConfigurationList section */
	};
	rootObject = 9C9C9D162B1A35190058DC84 /* Project object */;
}
